
Microsoft Visual Studio Solution File, Format Version 12.00
# Visual Studio Version 17
VisualStudioVersion = 17.9.34607.119
MinimumVisualStudioVersion = 10.0.40219.1
Project("{FAE04EC0-301F-11D3-BF4B-00C04F79EFBC}") = "dictionary_", "dictionary_\dictionary_.csproj", "{0B11F65C-1956-4524-80EA-712BB726C3DC}"
EndProject
Global
	GlobalSection(SolutionConfigurationPlatforms) = preSolution
		Debug|Any CPU = Debug|Any CPU
		Release|Any CPU = Release|Any CPU
	EndGlobalSection
	GlobalSection(ProjectConfigurationPlatforms) = postSolution
		{0B11F65C-1956-4524-80EA-712BB726C3DC}.Debug|Any CPU.ActiveCfg = Debug|Any CPU
		{0B11F65C-1956-4524-80EA-712BB726C3DC}.Debug|Any CPU.Build.0 = Debug|Any CPU
		{0B11F65C-1956-4524-80EA-712BB726C3DC}.Release|Any CPU.ActiveCfg = Release|Any CPU
		{0B11F65C-1956-4524-80EA-712BB726C3DC}.Release|Any CPU.Build.0 = Release|Any CPU
	EndGlobalSection
	GlobalSection(SolutionProperties) = preSolution
		HideSolutionNode = FALSE
	EndGlobalSection
	GlobalSection(ExtensibilityGlobals) = postSolution
		SolutionGuid = {475724D3-6E11-4870-BB26-6F4039A748BC}
	EndGlobalSection
EndGlobal
